
Microsoft Visual Studio Solution File, Format Version 12.00
# Visual Studio Version 17
VisualStudioVersion = 17.6.33712.159
MinimumVisualStudioVersion = 10.0.40219.1
Project("{FAE04EC0-301F-11D3-BF4B-00C04F79EFBC}") = "POO.Parcial2023.Paccosi.Consola", "POO.Parcial2023.Paccosi.Consola\POO.Parcial2023.Paccosi.Consola.csproj", "{89E6B8D8-9297-4542-9740-89FC21FE3AA3}"
EndProject
Project("{FAE04EC0-301F-11D3-BF4B-00C04F79EFBC}") = "POO.Parcial2023.Entidades", "POO.Parcial2023.Entidades\POO.Parcial2023.Entidades.csproj", "{EB885587-EDFD-4085-8E56-5F224E4CCAF1}"
EndProject
Project("{FAE04EC0-301F-11D3-BF4B-00C04F79EFBC}") = "POO.Parcial2023.Unitest", "POO.Parcial2023.Unitest\POO.Parcial2023.Unitest.csproj", "{1855A290-6A0C-4E1A-B4C8-71098FB9834D}"
EndProject
Global
	GlobalSection(SolutionConfigurationPlatforms) = preSolution
		Debug|Any CPU = Debug|Any CPU
		Release|Any CPU = Release|Any CPU
	EndGlobalSection
	GlobalSection(ProjectConfigurationPlatforms) = postSolution
		{89E6B8D8-9297-4542-9740-89FC21FE3AA3}.Debug|Any CPU.ActiveCfg = Debug|Any CPU
		{89E6B8D8-9297-4542-9740-89FC21FE3AA3}.Debug|Any CPU.Build.0 = Debug|Any CPU
		{89E6B8D8-9297-4542-9740-89FC21FE3AA3}.Release|Any CPU.ActiveCfg = Release|Any CPU
		{89E6B8D8-9297-4542-9740-89FC21FE3AA3}.Release|Any CPU.Build.0 = Release|Any CPU
		{EB885587-EDFD-4085-8E56-5F224E4CCAF1}.Debug|Any CPU.ActiveCfg = Debug|Any CPU
		{EB885587-EDFD-4085-8E56-5F224E4CCAF1}.Debug|Any CPU.Build.0 = Debug|Any CPU
		{EB885587-EDFD-4085-8E56-5F224E4CCAF1}.Release|Any CPU.ActiveCfg = Release|Any CPU
		{EB885587-EDFD-4085-8E56-5F224E4CCAF1}.Release|Any CPU.Build.0 = Release|Any CPU
		{1855A290-6A0C-4E1A-B4C8-71098FB9834D}.Debug|Any CPU.ActiveCfg = Debug|Any CPU
		{1855A290-6A0C-4E1A-B4C8-71098FB9834D}.Debug|Any CPU.Build.0 = Debug|Any CPU
		{1855A290-6A0C-4E1A-B4C8-71098FB9834D}.Release|Any CPU.ActiveCfg = Release|Any CPU
		{1855A290-6A0C-4E1A-B4C8-71098FB9834D}.Release|Any CPU.Build.0 = Release|Any CPU
	EndGlobalSection
	GlobalSection(SolutionProperties) = preSolution
		HideSolutionNode = FALSE
	EndGlobalSection
	GlobalSection(ExtensibilityGlobals) = postSolution
		SolutionGuid = {67CC0DC0-8991-472B-A01D-D0651028AD51}
	EndGlobalSection
EndGlobal
